# This file is automatically @generated by Cargo.
# It is not intended for manual editing.
version = 3

[[package]]
name = "ckos-cli"
version = "2.8.0"
dependencies = [
 "ckos-sdk",
 "ckos-web",
]

[[package]]
name = "ckos-graph"
version = "2.8.0"
dependencies = [
 "ckos-kernel",
]

[[package]]
name = "ckos-kernel"
version = "2.8.0"

[[package]]
name = "ckos-memory"
version = "2.8.0"
dependencies = [
 "ckos-kernel",
]

[[package]]
name = "ckos-planner"
version = "2.8.0"
dependencies = [
 "ckos-kernel",
 "ckos-workflow",
]

[[package]]
name = "ckos-plugins"
version = "2.8.0"
dependencies = [
 "ckos-kernel",
]

[[package]]
name = "ckos-policy"
version = "2.8.0"
dependencies = [
 "ckos-kernel",
]

[[package]]
name = "ckos-runtime"
version = "2.8.0"
dependencies = [
 "ckos-kernel",
]

[[package]]
name = "ckos-scheduler"
version = "2.8.0"
dependencies = [
 "ckos-kernel",
]

[[package]]
name = "ckos-sdk"
version = "2.8.0"
dependencies = [
 "ckos-graph",
 "ckos-kernel",
 "ckos-memory",
 "ckos-planner",
 "ckos-plugins",
 "ckos-policy",
 "ckos-runtime",
 "ckos-scheduler",
 "ckos-verifier",
 "ckos-workflow",
]

[[package]]
name = "ckos-verifier"
version = "2.8.0"
dependencies = [
 "ckos-kernel",
]

[[package]]
name = "ckos-web"
version = "2.8.0"
dependencies = [
 "ckos-sdk",
]

[[package]]
name = "ckos-workflow"
version = "2.8.0"
dependencies = [
 "ckos-kernel",
]
